// !$*UTF8*$!
{
	archiveVersion = 1;
	classes = {
	};
	objectVersion = 46;
	objects = {

/* Begin PBXBuildFile section */
		42038E2B1905CC8600EFB9F2 /* CreateFoodViewController.m in Sources */ = {isa = PBXBuildFile; fileRef = 42038E291905CC8600EFB9F2 /* CreateFoodViewController.m */; };
		42038E2C1905CC8600EFB9F2 /* CreateFoodViewController.xib in Resources */ = {isa = PBXBuildFile; fileRef = 42038E2A1905CC8600EFB9F2 /* CreateFoodViewController.xib */; };
		42038E2F1905D16400EFB9F2 /* KeyboardToolbarView.m in Sources */ = {isa = PBXBuildFile; fileRef = 42038E2E1905D16400EFB9F2 /* KeyboardToolbarView.m */; };
		42038E3319078CE700EFB9F2 /* PredictionViewController.m in Sources */ = {isa = PBXBuildFile; fileRef = 42038E3119078CE700EFB9F2 /* PredictionViewController.m */; };
		42038E3419078CE700EFB9F2 /* PredictionViewController.xib in Resources */ = {isa = PBXBuildFile; fileRef = 42038E3219078CE700EFB9F2 /* PredictionViewController.xib */; };
		422CE05619047C580061217F /* AddFoodViewController.m in Sources */ = {isa = PBXBuildFile; fileRef = 422CE05419047C580061217F /* AddFoodViewController.m */; };
		422CE05719047C580061217F /* AddFoodViewController.xib in Resources */ = {isa = PBXBuildFile; fileRef = 422CE05519047C580061217F /* AddFoodViewController.xib */; };
		422CE05919047F2A0061217F /* checkmark.png in Resources */ = {isa = PBXBuildFile; fileRef = 422CE05819047F2A0061217F /* checkmark.png */; };
		425233C5190848AB00488E7C /* plusSign_black.png in Resources */ = {isa = PBXBuildFile; fileRef = 425233C3190848AB00488E7C /* plusSign_black.png */; };
		425233C6190848AB00488E7C /* plusSign_white.png in Resources */ = {isa = PBXBuildFile; fileRef = 425233C4190848AB00488E7C /* plusSign_white.png */; };
		425233C9190848B700488E7C /* backArrow_black.png in Resources */ = {isa = PBXBuildFile; fileRef = 425233C7190848B700488E7C /* backArrow_black.png */; };
		425233CA190848B700488E7C /* backArrow_white.png in Resources */ = {isa = PBXBuildFile; fileRef = 425233C8190848B700488E7C /* backArrow_white.png */; };
		427A1B83192E950E00291ECB /* Predictor.m in Sources */ = {isa = PBXBuildFile; fileRef = 427A1B82192E950E00291ECB /* Predictor.m */; };
		42D2CCC41903253600145247 /* User2ViewController.m in Sources */ = {isa = PBXBuildFile; fileRef = 42D2CCC21903253600145247 /* User2ViewController.m */; };
		42D2CCC51903253600145247 /* User2ViewController.xib in Resources */ = {isa = PBXBuildFile; fileRef = 42D2CCC31903253600145247 /* User2ViewController.xib */; };
		42D2CCCA19032F3700145247 /* MealTypeViewController.m in Sources */ = {isa = PBXBuildFile; fileRef = 42D2CCC819032F3700145247 /* MealTypeViewController.m */; };
		42D2CCCB19032F3700145247 /* MealTypeViewController.xib in Resources */ = {isa = PBXBuildFile; fileRef = 42D2CCC919032F3700145247 /* MealTypeViewController.xib */; };
		42D2CCCF19032F9A00145247 /* EditMealViewController.m in Sources */ = {isa = PBXBuildFile; fileRef = 42D2CCCD19032F9A00145247 /* EditMealViewController.m */; };
		42D2CCD019032F9A00145247 /* EditMealViewController.xib in Resources */ = {isa = PBXBuildFile; fileRef = 42D2CCCE19032F9A00145247 /* EditMealViewController.xib */; };
		42EE3509192DA0EA00CD85D1 /* EditUserViewController.m in Sources */ = {isa = PBXBuildFile; fileRef = 42EE3507192DA0EA00CD85D1 /* EditUserViewController.m */; };
		42EE350A192DA0EA00CD85D1 /* EditUserViewController.xib in Resources */ = {isa = PBXBuildFile; fileRef = 42EE3508192DA0EA00CD85D1 /* EditUserViewController.xib */; };
		42F180441900E5DB00706BFE /* BorderButton.m in Sources */ = {isa = PBXBuildFile; fileRef = 42F180431900E5DB00706BFE /* BorderButton.m */; };
		42F180461900E82600706BFE /* QuartzCore.framework in Frameworks */ = {isa = PBXBuildFile; fileRef = 42F180451900E82600706BFE /* QuartzCore.framework */; };
		42FDCD55190052CC0069CA4F /* Foundation.framework in Frameworks */ = {isa = PBXBuildFile; fileRef = 42FDCD54190052CC0069CA4F /* Foundation.framework */; };
		42FDCD57190052CC0069CA4F /* CoreGraphics.framework in Frameworks */ = {isa = PBXBuildFile; fileRef = 42FDCD56190052CC0069CA4F /* CoreGraphics.framework */; };
		42FDCD59190052CC0069CA4F /* UIKit.framework in Frameworks */ = {isa = PBXBuildFile; fileRef = 42FDCD58190052CC0069CA4F /* UIKit.framework */; };
		42FDCD5B190052CC0069CA4F /* CoreData.framework in Frameworks */ = {isa = PBXBuildFile; fileRef = 42FDCD5A190052CC0069CA4F /* CoreData.framework */; };
		42FDCD61190052CC0069CA4F /* InfoPlist.strings in Resources */ = {isa = PBXBuildFile; fileRef = 42FDCD5F190052CC0069CA4F /* InfoPlist.strings */; };
		42FDCD63190052CC0069CA4F /* main.m in Sources */ = {isa = PBXBuildFile; fileRef = 42FDCD62190052CC0069CA4F /* main.m */; };
		42FDCD67190052CC0069CA4F /* AppDelegate.m in Sources */ = {isa = PBXBuildFile; fileRef = 42FDCD66190052CC0069CA4F /* AppDelegate.m */; };
		42FDCD6A190052CC0069CA4F /* DPredictor.xcdatamodeld in Sources */ = {isa = PBXBuildFile; fileRef = 42FDCD68190052CC0069CA4F /* DPredictor.xcdatamodeld */; };
		42FDCD6C190052CC0069CA4F /* Images.xcassets in Resources */ = {isa = PBXBuildFile; fileRef = 42FDCD6B190052CC0069CA4F /* Images.xcassets */; };
		42FDCD73190052CC0069CA4F /* XCTest.framework in Frameworks */ = {isa = PBXBuildFile; fileRef = 42FDCD72190052CC0069CA4F /* XCTest.framework */; };
		42FDCD74190052CC0069CA4F /* Foundation.framework in Frameworks */ = {isa = PBXBuildFile; fileRef = 42FDCD54190052CC0069CA4F /* Foundation.framework */; };
		42FDCD75190052CC0069CA4F /* UIKit.framework in Frameworks */ = {isa = PBXBuildFile; fileRef = 42FDCD58190052CC0069CA4F /* UIKit.framework */; };
		42FDCD76190052CC0069CA4F /* CoreData.framework in Frameworks */ = {isa = PBXBuildFile; fileRef = 42FDCD5A190052CC0069CA4F /* CoreData.framework */; };
		42FDCD7E190052CC0069CA4F /* InfoPlist.strings in Resources */ = {isa = PBXBuildFile; fileRef = 42FDCD7C190052CC0069CA4F /* InfoPlist.strings */; };
		42FDCD80190052CC0069CA4F /* DPredictorTests.m in Sources */ = {isa = PBXBuildFile; fileRef = 42FDCD7F190052CC0069CA4F /* DPredictorTests.m */; };
		42FDCD8B19005B620069CA4F /* Food.m in Sources */ = {isa = PBXBuildFile; fileRef = 42FDCD8A19005B620069CA4F /* Food.m */; };
		42FDCD8E19005B720069CA4F /* Meal.m in Sources */ = {isa = PBXBuildFile; fileRef = 42FDCD8D19005B720069CA4F /* Meal.m */; };
		42FDCD9119005B840069CA4F /* Record.m in Sources */ = {isa = PBXBuildFile; fileRef = 42FDCD9019005B840069CA4F /* Record.m */; };
		42FDCDA2190077D00069CA4F /* DatabaseConnector.m in Sources */ = {isa = PBXBuildFile; fileRef = 42FDCDA1190077D00069CA4F /* DatabaseConnector.m */; };
		42FDCDA619007C510069CA4F /* MenuViewController.m in Sources */ = {isa = PBXBuildFile; fileRef = 42FDCDA419007C510069CA4F /* MenuViewController.m */; };
		42FDCDA719007C510069CA4F /* MenuViewController.xib in Resources */ = {isa = PBXBuildFile; fileRef = 42FDCDA519007C510069CA4F /* MenuViewController.xib */; };
		42FDCDAB190081A10069CA4F /* UserViewController.m in Sources */ = {isa = PBXBuildFile; fileRef = 42FDCDA9190081A10069CA4F /* UserViewController.m */; };
		42FDCDAC190081A10069CA4F /* UserViewController.xib in Resources */ = {isa = PBXBuildFile; fileRef = 42FDCDAA190081A10069CA4F /* UserViewController.xib */; };
		42FDCDB0190099D30069CA4F /* User.m in Sources */ = {isa = PBXBuildFile; fileRef = 42FDCDAF190099D20069CA4F /* User.m */; };
		7FA0419FC4704D809A91D90A /* libPods.a in Frameworks */ = {isa = PBXBuildFile; fileRef = D0BE779C19CD4CDE8E2C7F1C /* libPods.a */; };
/* End PBXBuildFile section */

/* Begin PBXContainerItemProxy section */
		42FDCD77190052CC0069CA4F /* PBXContainerItemProxy */ = {
			isa = PBXContainerItemProxy;
			containerPortal = 42FDCD49190052CC0069CA4F /* Project object */;
			proxyType = 1;
			remoteGlobalIDString = 42FDCD50190052CC0069CA4F;
			remoteInfo = DPredictor;
		};
/* End PBXContainerItemProxy section */

/* Begin PBXFileReference section */
		42038E281905CC8500EFB9F2 /* CreateFoodViewController.h */ = {isa = PBXFileReference; fileEncoding = 4; lastKnownFileType = sourcecode.c.h; path = CreateFoodViewController.h; sourceTree = "<group>"; };
		42038E291905CC8600EFB9F2 /* CreateFoodViewController.m */ = {isa = PBXFileReference; fileEncoding = 4; lastKnownFileType = sourcecode.c.objc; path = CreateFoodViewController.m; sourceTree = "<group>"; };
		42038E2A1905CC8600EFB9F2 /* CreateFoodViewController.xib */ = {isa = PBXFileReference; fileEncoding = 4; lastKnownFileType = file.xib; path = CreateFoodViewController.xib; sourceTree = "<group>"; };
		42038E2D1905D16400EFB9F2 /* KeyboardToolbarView.h */ = {isa = PBXFileReference; fileEncoding = 4; lastKnownFileType = sourcecode.c.h; path = KeyboardToolbarView.h; sourceTree = "<group>"; };
		42038E2E1905D16400EFB9F2 /* KeyboardToolbarView.m */ = {isa = PBXFileReference; fileEncoding = 4; lastKnownFileType = sourcecode.c.objc; path = KeyboardToolbarView.m; sourceTree = "<group>"; };
		42038E3019078CE700EFB9F2 /* PredictionViewController.h */ = {isa = PBXFileReference; fileEncoding = 4; lastKnownFileType = sourcecode.c.h; path = PredictionViewController.h; sourceTree = "<group>"; };
		42038E3119078CE700EFB9F2 /* PredictionViewController.m */ = {isa = PBXFileReference; fileEncoding = 4; lastKnownFileType = sourcecode.c.objc; path = PredictionViewController.m; sourceTree = "<group>"; };
		42038E3219078CE700EFB9F2 /* PredictionViewController.xib */ = {isa = PBXFileReference; fileEncoding = 4; lastKnownFileType = file.xib; path = PredictionViewController.xib; sourceTree = "<group>"; };
		422CE05319047C580061217F /* AddFoodViewController.h */ = {isa = PBXFileReference; fileEncoding = 4; lastKnownFileType = sourcecode.c.h; path = AddFoodViewController.h; sourceTree = "<group>"; };
		422CE05419047C580061217F /* AddFoodViewController.m */ = {isa = PBXFileReference; fileEncoding = 4; lastKnownFileType = sourcecode.c.objc; path = AddFoodViewController.m; sourceTree = "<group>"; };
		422CE05519047C580061217F /* AddFoodViewController.xib */ = {isa = PBXFileReference; fileEncoding = 4; lastKnownFileType = file.xib; path = AddFoodViewController.xib; sourceTree = "<group>"; };
		422CE05819047F2A0061217F /* checkmark.png */ = {isa = PBXFileReference; lastKnownFileType = image.png; path = checkmark.png; sourceTree = "<group>"; };
		425233C3190848AB00488E7C /* plusSign_black.png */ = {isa = PBXFileReference; lastKnownFileType = image.png; path = plusSign_black.png; sourceTree = "<group>"; };
		425233C4190848AB00488E7C /* plusSign_white.png */ = {isa = PBXFileReference; lastKnownFileType = image.png; path = plusSign_white.png; sourceTree = "<group>"; };
		425233C7190848B700488E7C /* backArrow_black.png */ = {isa = PBXFileReference; lastKnownFileType = image.png; path = backArrow_black.png; sourceTree = "<group>"; };
		425233C8190848B700488E7C /* backArrow_white.png */ = {isa = PBXFileReference; lastKnownFileType = image.png; path = backArrow_white.png; sourceTree = "<group>"; };
		427A1B81192E950E00291ECB /* Predictor.h */ = {isa = PBXFileReference; fileEncoding = 4; lastKnownFileType = sourcecode.c.h; path = Predictor.h; sourceTree = "<group>"; };
		427A1B82192E950E00291ECB /* Predictor.m */ = {isa = PBXFileReference; fileEncoding = 4; lastKnownFileType = sourcecode.c.objc; path = Predictor.m; sourceTree = "<group>"; };
		42D2CCC11903253600145247 /* User2ViewController.h */ = {isa = PBXFileReference; fileEncoding = 4; lastKnownFileType = sourcecode.c.h; path = User2ViewController.h; sourceTree = "<group>"; };
		42D2CCC21903253600145247 /* User2ViewController.m */ = {isa = PBXFileReference; fileEncoding = 4; lastKnownFileType = sourcecode.c.objc; path = User2ViewController.m; sourceTree = "<group>"; };
		42D2CCC31903253600145247 /* User2ViewController.xib */ = {isa = PBXFileReference; fileEncoding = 4; lastKnownFileType = file.xib; path = User2ViewController.xib; sourceTree = "<group>"; };
		42D2CCC719032F3700145247 /* MealTypeViewController.h */ = {isa = PBXFileReference; fileEncoding = 4; lastKnownFileType = sourcecode.c.h; path = MealTypeViewController.h; sourceTree = "<group>"; };
		42D2CCC819032F3700145247 /* MealTypeViewController.m */ = {isa = PBXFileReference; fileEncoding = 4; lastKnownFileType = sourcecode.c.objc; path = MealTypeViewController.m; sourceTree = "<group>"; };
		42D2CCC919032F3700145247 /* MealTypeViewController.xib */ = {isa = PBXFileReference; fileEncoding = 4; lastKnownFileType = file.xib; path = MealTypeViewController.xib; sourceTree = "<group>"; };
		42D2CCCC19032F9A00145247 /* EditMealViewController.h */ = {isa = PBXFileReference; fileEncoding = 4; lastKnownFileType = sourcecode.c.h; path = EditMealViewController.h; sourceTree = "<group>"; };
		42D2CCCD19032F9A00145247 /* EditMealViewController.m */ = {isa = PBXFileReference; fileEncoding = 4; lastKnownFileType = sourcecode.c.objc; path = EditMealViewController.m; sourceTree = "<group>"; };
		42D2CCCE19032F9A00145247 /* EditMealViewController.xib */ = {isa = PBXFileReference; fileEncoding = 4; lastKnownFileType = file.xib; path = EditMealViewController.xib; sourceTree = "<group>"; };
		42EE3506192DA0EA00CD85D1 /* EditUserViewController.h */ = {isa = PBXFileReference; fileEncoding = 4; lastKnownFileType = sourcecode.c.h; path = EditUserViewController.h; sourceTree = "<group>"; };
		42EE3507192DA0EA00CD85D1 /* EditUserViewController.m */ = {isa = PBXFileReference; fileEncoding = 4; lastKnownFileType = sourcecode.c.objc; path = EditUserViewController.m; sourceTree = "<group>"; };
		42EE3508192DA0EA00CD85D1 /* EditUserViewController.xib */ = {isa = PBXFileReference; fileEncoding = 4; lastKnownFileType = file.xib; path = EditUserViewController.xib; sourceTree = "<group>"; };
		42F180421900E5DB00706BFE /* BorderButton.h */ = {isa = PBXFileReference; fileEncoding = 4; lastKnownFileType = sourcecode.c.h; name = BorderButton.h; path = ../BorderButton.h; sourceTree = "<group>"; };
		42F180431900E5DB00706BFE /* BorderButton.m */ = {isa = PBXFileReference; fileEncoding = 4; lastKnownFileType = sourcecode.c.objc; name = BorderButton.m; path = ../BorderButton.m; sourceTree = "<group>"; };
		42F180451900E82600706BFE /* QuartzCore.framework */ = {isa = PBXFileReference; lastKnownFileType = wrapper.framework; name = QuartzCore.framework; path = System/Library/Frameworks/QuartzCore.framework; sourceTree = SDKROOT; };
		42FDCD51190052CC0069CA4F /* DPredictor.app */ = {isa = PBXFileReference; explicitFileType = wrapper.application; includeInIndex = 0; path = DPredictor.app; sourceTree = BUILT_PRODUCTS_DIR; };
		42FDCD54190052CC0069CA4F /* Foundation.framework */ = {isa = PBXFileReference; lastKnownFileType = wrapper.framework; name = Foundation.framework; path = System/Library/Frameworks/Foundation.framework; sourceTree = SDKROOT; };
		42FDCD56190052CC0069CA4F /* CoreGraphics.framework */ = {isa = PBXFileReference; lastKnownFileType = wrapper.framework; name = CoreGraphics.framework; path = System/Library/Frameworks/CoreGraphics.framework; sourceTree = SDKROOT; };
		42FDCD58190052CC0069CA4F /* UIKit.framework */ = {isa = PBXFileReference; lastKnownFileType = wrapper.framework; name = UIKit.framework; path = System/Library/Frameworks/UIKit.framework; sourceTree = SDKROOT; };
		42FDCD5A190052CC0069CA4F /* CoreData.framework */ = {isa = PBXFileReference; lastKnownFileType = wrapper.framework; name = CoreData.framework; path = System/Library/Frameworks/CoreData.framework; sourceTree = SDKROOT; };
		42FDCD5E190052CC0069CA4F /* DPredictor-Info.plist */ = {isa = PBXFileReference; lastKnownFileType = text.plist.xml; path = "DPredictor-Info.plist"; sourceTree = "<group>"; };
		42FDCD60190052CC0069CA4F /* en */ = {isa = PBXFileReference; lastKnownFileType = text.plist.strings; name = en; path = en.lproj/InfoPlist.strings; sourceTree = "<group>"; };
		42FDCD62190052CC0069CA4F /* main.m */ = {isa = PBXFileReference; lastKnownFileType = sourcecode.c.objc; path = main.m; sourceTree = "<group>"; };
		42FDCD64190052CC0069CA4F /* DPredictor-Prefix.pch */ = {isa = PBXFileReference; lastKnownFileType = sourcecode.c.h; path = "DPredictor-Prefix.pch"; sourceTree = "<group>"; };
		42FDCD65190052CC0069CA4F /* AppDelegate.h */ = {isa = PBXFileReference; lastKnownFileType = sourcecode.c.h; path = AppDelegate.h; sourceTree = "<group>"; };
		42FDCD66190052CC0069CA4F /* AppDelegate.m */ = {isa = PBXFileReference; lastKnownFileType = sourcecode.c.objc; path = AppDelegate.m; sourceTree = "<group>"; };
		42FDCD69190052CC0069CA4F /* DPredictor.xcdatamodel */ = {isa = PBXFileReference; lastKnownFileType = wrapper.xcdatamodel; path = DPredictor.xcdatamodel; sourceTree = "<group>"; };
		42FDCD6B190052CC0069CA4F /* Images.xcassets */ = {isa = PBXFileReference; lastKnownFileType = folder.assetcatalog; path = Images.xcassets; sourceTree = "<group>"; };
		42FDCD71190052CC0069CA4F /* DPredictorTests.xctest */ = {isa = PBXFileReference; explicitFileType = wrapper.cfbundle; includeInIndex = 0; path = DPredictorTests.xctest; sourceTree = BUILT_PRODUCTS_DIR; };
		42FDCD72190052CC0069CA4F /* XCTest.framework */ = {isa = PBXFileReference; lastKnownFileType = wrapper.framework; name = XCTest.framework; path = Library/Frameworks/XCTest.framework; sourceTree = DEVELOPER_DIR; };
		42FDCD7B190052CC0069CA4F /* DPredictorTests-Info.plist */ = {isa = PBXFileReference; lastKnownFileType = text.plist.xml; path = "DPredictorTests-Info.plist"; sourceTree = "<group>"; };
		42FDCD7D190052CC0069CA4F /* en */ = {isa = PBXFileReference; lastKnownFileType = text.plist.strings; name = en; path = en.lproj/InfoPlist.strings; sourceTree = "<group>"; };
		42FDCD7F190052CC0069CA4F /* DPredictorTests.m */ = {isa = PBXFileReference; lastKnownFileType = sourcecode.c.objc; path = DPredictorTests.m; sourceTree = "<group>"; };
		42FDCD8919005B620069CA4F /* Food.h */ = {isa = PBXFileReference; fileEncoding = 4; lastKnownFileType = sourcecode.c.h; path = Food.h; sourceTree = "<group>"; };
		42FDCD8A19005B620069CA4F /* Food.m */ = {isa = PBXFileReference; fileEncoding = 4; lastKnownFileType = sourcecode.c.objc; path = Food.m; sourceTree = "<group>"; };
		42FDCD8C19005B720069CA4F /* Meal.h */ = {isa = PBXFileReference; fileEncoding = 4; lastKnownFileType = sourcecode.c.h; path = Meal.h; sourceTree = "<group>"; };
		42FDCD8D19005B720069CA4F /* Meal.m */ = {isa = PBXFileReference; fileEncoding = 4; lastKnownFileType = sourcecode.c.objc; path = Meal.m; sourceTree = "<group>"; };
		42FDCD8F19005B840069CA4F /* Record.h */ = {isa = PBXFileReference; fileEncoding = 4; lastKnownFileType = sourcecode.c.h; path = Record.h; sourceTree = "<group>"; };
		42FDCD9019005B840069CA4F /* Record.m */ = {isa = PBXFileReference; fileEncoding = 4; lastKnownFileType = sourcecode.c.objc; path = Record.m; sourceTree = "<group>"; };
		42FDCDA0190077D00069CA4F /* DatabaseConnector.h */ = {isa = PBXFileReference; fileEncoding = 4; lastKnownFileType = sourcecode.c.h; path = DatabaseConnector.h; sourceTree = "<group>"; };
		42FDCDA1190077D00069CA4F /* DatabaseConnector.m */ = {isa = PBXFileReference; fileEncoding = 4; lastKnownFileType = sourcecode.c.objc; path = DatabaseConnector.m; sourceTree = "<group>"; };
		42FDCDA319007C510069CA4F /* MenuViewController.h */ = {isa = PBXFileReference; fileEncoding = 4; lastKnownFileType = sourcecode.c.h; path = MenuViewController.h; sourceTree = "<group>"; };
		42FDCDA419007C510069CA4F /* MenuViewController.m */ = {isa = PBXFileReference; fileEncoding = 4; lastKnownFileType = sourcecode.c.objc; path = MenuViewController.m; sourceTree = "<group>"; };
		42FDCDA519007C510069CA4F /* MenuViewController.xib */ = {isa = PBXFileReference; fileEncoding = 4; lastKnownFileType = file.xib; path = MenuViewController.xib; sourceTree = "<group>"; };
		42FDCDA8190081A10069CA4F /* UserViewController.h */ = {isa = PBXFileReference; fileEncoding = 4; lastKnownFileType = sourcecode.c.h; path = UserViewController.h; sourceTree = "<group>"; };
		42FDCDA9190081A10069CA4F /* UserViewController.m */ = {isa = PBXFileReference; fileEncoding = 4; lastKnownFileType = sourcecode.c.objc; path = UserViewController.m; sourceTree = "<group>"; };
		42FDCDAA190081A10069CA4F /* UserViewController.xib */ = {isa = PBXFileReference; fileEncoding = 4; lastKnownFileType = file.xib; path = UserViewController.xib; sourceTree = "<group>"; };
		42FDCDAE190099D20069CA4F /* User.h */ = {isa = PBXFileReference; fileEncoding = 4; lastKnownFileType = sourcecode.c.h; path = User.h; sourceTree = "<group>"; };
		42FDCDAF190099D20069CA4F /* User.m */ = {isa = PBXFileReference; fileEncoding = 4; lastKnownFileType = sourcecode.c.objc; path = User.m; sourceTree = "<group>"; };
		D0BE779C19CD4CDE8E2C7F1C /* libPods.a */ = {isa = PBXFileReference; explicitFileType = archive.ar; includeInIndex = 0; path = libPods.a; sourceTree = BUILT_PRODUCTS_DIR; };
		F531F3EBD74E428F8432BD7C /* Pods.xcconfig */ = {isa = PBXFileReference; includeInIndex = 1; lastKnownFileType = text.xcconfig; name = Pods.xcconfig; path = Pods/Pods.xcconfig; sourceTree = "<group>"; };
/* End PBXFileReference section */

/* Begin PBXFrameworksBuildPhase section */
		42FDCD4E190052CC0069CA4F /* Frameworks */ = {
			isa = PBXFrameworksBuildPhase;
			buildActionMask = 2147483647;
			files = (
				42F180461900E82600706BFE /* QuartzCore.framework in Frameworks */,
				42FDCD57190052CC0069CA4F /* CoreGraphics.framework in Frameworks */,
				42FDCD5B190052CC0069CA4F /* CoreData.framework in Frameworks */,
				42FDCD59190052CC0069CA4F /* UIKit.framework in Frameworks */,
				42FDCD55190052CC0069CA4F /* Foundation.framework in Frameworks */,
				7FA0419FC4704D809A91D90A /* libPods.a in Frameworks */,
			);
			runOnlyForDeploymentPostprocessing = 0;
		};
		42FDCD6E190052CC0069CA4F /* Frameworks */ = {
			isa = PBXFrameworksBuildPhase;
			buildActionMask = 2147483647;
			files = (
				42FDCD73190052CC0069CA4F /* XCTest.framework in Frameworks */,
				42FDCD76190052CC0069CA4F /* CoreData.framework in Frameworks */,
				42FDCD75190052CC0069CA4F /* UIKit.framework in Frameworks */,
				42FDCD74190052CC0069CA4F /* Foundation.framework in Frameworks */,
			);
			runOnlyForDeploymentPostprocessing = 0;
		};
/* End PBXFrameworksBuildPhase section */

/* Begin PBXGroup section */
		42D2CCC619032F0800145247 /* AddMeal */ = {
			isa = PBXGroup;
			children = (
				42D2CCC719032F3700145247 /* MealTypeViewController.h */,
				42D2CCC819032F3700145247 /* MealTypeViewController.m */,
				42D2CCC919032F3700145247 /* MealTypeViewController.xib */,
				42D2CCCC19032F9A00145247 /* EditMealViewController.h */,
				42D2CCCD19032F9A00145247 /* EditMealViewController.m */,
				42D2CCCE19032F9A00145247 /* EditMealViewController.xib */,
				422CE05319047C580061217F /* AddFoodViewController.h */,
				422CE05419047C580061217F /* AddFoodViewController.m */,
				422CE05519047C580061217F /* AddFoodViewController.xib */,
				42038E281905CC8500EFB9F2 /* CreateFoodViewController.h */,
				42038E291905CC8600EFB9F2 /* CreateFoodViewController.m */,
				42038E2A1905CC8600EFB9F2 /* CreateFoodViewController.xib */,
				42038E3019078CE700EFB9F2 /* PredictionViewController.h */,
				42038E3119078CE700EFB9F2 /* PredictionViewController.m */,
				42038E3219078CE700EFB9F2 /* PredictionViewController.xib */,
			);
			name = AddMeal;
			sourceTree = "<group>";
		};
		42FDCD48190052CC0069CA4F = {
			isa = PBXGroup;
			children = (
				42FDCD5C190052CC0069CA4F /* DPredictor */,
				42FDCD79190052CC0069CA4F /* DPredictorTests */,
				42FDCD53190052CC0069CA4F /* Frameworks */,
				42FDCD52190052CC0069CA4F /* Products */,
				F531F3EBD74E428F8432BD7C /* Pods.xcconfig */,
			);
			sourceTree = "<group>";
		};
		42FDCD52190052CC0069CA4F /* Products */ = {
			isa = PBXGroup;
			children = (
				42FDCD51190052CC0069CA4F /* DPredictor.app */,
				42FDCD71190052CC0069CA4F /* DPredictorTests.xctest */,
			);
			name = Products;
			sourceTree = "<group>";
		};
		42FDCD53190052CC0069CA4F /* Frameworks */ = {
			isa = PBXGroup;
			children = (
				42F180451900E82600706BFE /* QuartzCore.framework */,
				42FDCD54190052CC0069CA4F /* Foundation.framework */,
				42FDCD56190052CC0069CA4F /* CoreGraphics.framework */,
				42FDCD58190052CC0069CA4F /* UIKit.framework */,
				42FDCD5A190052CC0069CA4F /* CoreData.framework */,
				42FDCD72190052CC0069CA4F /* XCTest.framework */,
				D0BE779C19CD4CDE8E2C7F1C /* libPods.a */,
			);
			name = Frameworks;
			sourceTree = "<group>";
		};
		42FDCD5C190052CC0069CA4F /* DPredictor */ = {
			isa = PBXGroup;
			children = (
				42FDCD65190052CC0069CA4F /* AppDelegate.h */,
				42FDCD66190052CC0069CA4F /* AppDelegate.m */,
				42FDCDA319007C510069CA4F /* MenuViewController.h */,
				42FDCDA419007C510069CA4F /* MenuViewController.m */,
				42FDCDA519007C510069CA4F /* MenuViewController.xib */,
				427A1B81192E950E00291ECB /* Predictor.h */,
				427A1B82192E950E00291ECB /* Predictor.m */,
				42FDCD6B190052CC0069CA4F /* Images.xcassets */,
				42FDCD68190052CC0069CA4F /* DPredictor.xcdatamodeld */,
				42FDCD5D190052CC0069CA4F /* Supporting Files */,
				42FDCD9319005E750069CA4F /* Entities */,
				42FDCDAD190084400069CA4F /* UserData */,
				42D2CCC619032F0800145247 /* AddMeal */,
				42038E2D1905D16400EFB9F2 /* KeyboardToolbarView.h */,
				42038E2E1905D16400EFB9F2 /* KeyboardToolbarView.m */,
				42F180421900E5DB00706BFE /* BorderButton.h */,
				42F180431900E5DB00706BFE /* BorderButton.m */,
			);
			path = DPredictor;
			sourceTree = "<group>";
		};
		42FDCD5D190052CC0069CA4F /* Supporting Files */ = {
			isa = PBXGroup;
			children = (
				425233C7190848B700488E7C /* backArrow_black.png */,
				425233C8190848B700488E7C /* backArrow_white.png */,
				425233C3190848AB00488E7C /* plusSign_black.png */,
				425233C4190848AB00488E7C /* plusSign_white.png */,
				422CE05819047F2A0061217F /* checkmark.png */,
				42FDCD5E190052CC0069CA4F /* DPredictor-Info.plist */,
				42FDCD5F190052CC0069CA4F /* InfoPlist.strings */,
				42FDCD62190052CC0069CA4F /* main.m */,
				42FDCD64190052CC0069CA4F /* DPredictor-Prefix.pch */,
			);
			name = "Supporting Files";
			sourceTree = "<group>";
		};
		42FDCD79190052CC0069CA4F /* DPredictorTests */ = {
			isa = PBXGroup;
			children = (
				42FDCD7F190052CC0069CA4F /* DPredictorTests.m */,
				42FDCD7A190052CC0069CA4F /* Supporting Files */,
			);
			path = DPredictorTests;
			sourceTree = "<group>";
		};
		42FDCD7A190052CC0069CA4F /* Supporting Files */ = {
			isa = PBXGroup;
			children = (
				42FDCD7B190052CC0069CA4F /* DPredictorTests-Info.plist */,
				42FDCD7C190052CC0069CA4F /* InfoPlist.strings */,
			);
			name = "Supporting Files";
			sourceTree = "<group>";
		};
		42FDCD9319005E750069CA4F /* Entities */ = {
			isa = PBXGroup;
			children = (
				42FDCD8919005B620069CA4F /* Food.h */,
				42FDCD8A19005B620069CA4F /* Food.m */,
				42FDCD8C19005B720069CA4F /* Meal.h */,
				42FDCD8D19005B720069CA4F /* Meal.m */,
				42FDCD8F19005B840069CA4F /* Record.h */,
				42FDCD9019005B840069CA4F /* Record.m */,
				42FDCDA0190077D00069CA4F /* DatabaseConnector.h */,
				42FDCDA1190077D00069CA4F /* DatabaseConnector.m */,
			);
			name = Entities;
			sourceTree = "<group>";
		};
		42FDCDAD190084400069CA4F /* UserData */ = {
			isa = PBXGroup;
			children = (
				42FDCDA8190081A10069CA4F /* UserViewController.h */,
				42FDCDA9190081A10069CA4F /* UserViewController.m */,
				42FDCDAA190081A10069CA4F /* UserViewController.xib */,
				42D2CCC11903253600145247 /* User2ViewController.h */,
				42D2CCC21903253600145247 /* User2ViewController.m */,
				42D2CCC31903253600145247 /* User2ViewController.xib */,
				42FDCDAE190099D20069CA4F /* User.h */,
				42FDCDAF190099D20069CA4F /* User.m */,
				42EE3506192DA0EA00CD85D1 /* EditUserViewController.h */,
				42EE3507192DA0EA00CD85D1 /* EditUserViewController.m */,
				42EE3508192DA0EA00CD85D1 /* EditUserViewController.xib */,
			);
			name = UserData;
			sourceTree = "<group>";
		};
/* End PBXGroup section */

/* Begin PBXNativeTarget section */
		42FDCD50190052CC0069CA4F /* DPredictor */ = {
			isa = PBXNativeTarget;
			buildConfigurationList = 42FDCD83190052CC0069CA4F /* Build configuration list for PBXNativeTarget "DPredictor" */;
			buildPhases = (
				67EA693FA4E148CBA6E29BEB /* Check Pods Manifest.lock */,
				42FDCD4D190052CC0069CA4F /* Sources */,
				42FDCD4E190052CC0069CA4F /* Frameworks */,
				42FDCD4F190052CC0069CA4F /* Resources */,
				AB2EB1D1DBE04060BB2A1770 /* Copy Pods Resources */,
			);
			buildRules = (
			);
			dependencies = (
			);
			name = DPredictor;
			productName = DPredictor;
			productReference = 42FDCD51190052CC0069CA4F /* DPredictor.app */;
			productType = "com.apple.product-type.application";
		};
		42FDCD70190052CC0069CA4F /* DPredictorTests */ = {
			isa = PBXNativeTarget;
			buildConfigurationList = 42FDCD86190052CC0069CA4F /* Build configuration list for PBXNativeTarget "DPredictorTests" */;
			buildPhases = (
				42FDCD6D190052CC0069CA4F /* Sources */,
				42FDCD6E190052CC0069CA4F /* Frameworks */,
				42FDCD6F190052CC0069CA4F /* Resources */,
			);
			buildRules = (
			);
			dependencies = (
				42FDCD78190052CC0069CA4F /* PBXTargetDependency */,
			);
			name = DPredictorTests;
			productName = DPredictorTests;
			productReference = 42FDCD71190052CC0069CA4F /* DPredictorTests.xctest */;
			productType = "com.apple.product-type.bundle.unit-test";
		};
/* End PBXNativeTarget section */

/* Begin PBXProject section */
		42FDCD49190052CC0069CA4F /* Project object */ = {
			isa = PBXProject;
			attributes = {
				LastUpgradeCheck = 0510;
				ORGANIZATIONNAME = "Joshua Primas";
				TargetAttributes = {
					42FDCD70190052CC0069CA4F = {
						TestTargetID = 42FDCD50190052CC0069CA4F;
					};
				};
			};
			buildConfigurationList = 42FDCD4C190052CC0069CA4F /* Build configuration list for PBXProject "DPredictor" */;
			compatibilityVersion = "Xcode 3.2";
			developmentRegion = English;
			hasScannedForEncodings = 0;
			knownRegions = (
				en,
			);
			mainGroup = 42FDCD48190052CC0069CA4F;
			productRefGroup = 42FDCD52190052CC0069CA4F /* Products */;
			projectDirPath = "";
			projectRoot = "";
			targets = (
				42FDCD50190052CC0069CA4F /* DPredictor */,
				42FDCD70190052CC0069CA4F /* DPredictorTests */,
			);
		};
/* End PBXProject section */

/* Begin PBXResourcesBuildPhase section */
		42FDCD4F190052CC0069CA4F /* Resources */ = {
			isa = PBXResourcesBuildPhase;
			buildActionMask = 2147483647;
			files = (
				425233CA190848B700488E7C /* backArrow_white.png in Resources */,
				42038E3419078CE700EFB9F2 /* PredictionViewController.xib in Resources */,
				42D2CCC51903253600145247 /* User2ViewController.xib in Resources */,
				42D2CCCB19032F3700145247 /* MealTypeViewController.xib in Resources */,
				422CE05719047C580061217F /* AddFoodViewController.xib in Resources */,
				42FDCD61190052CC0069CA4F /* InfoPlist.strings in Resources */,
				42038E2C1905CC8600EFB9F2 /* CreateFoodViewController.xib in Resources */,
				425233C5190848AB00488E7C /* plusSign_black.png in Resources */,
				42FDCDAC190081A10069CA4F /* UserViewController.xib in Resources */,
				42FDCDA719007C510069CA4F /* MenuViewController.xib in Resources */,
				42D2CCD019032F9A00145247 /* EditMealViewController.xib in Resources */,
				42FDCD6C190052CC0069CA4F /* Images.xcassets in Resources */,
				425233C6190848AB00488E7C /* plusSign_white.png in Resources */,
				425233C9190848B700488E7C /* backArrow_black.png in Resources */,
				422CE05919047F2A0061217F /* checkmark.png in Resources */,
				42EE350A192DA0EA00CD85D1 /* EditUserViewController.xib in Resources */,
			);
			runOnlyForDeploymentPostprocessing = 0;
		};
		42FDCD6F190052CC0069CA4F /* Resources */ = {
			isa = PBXResourcesBuildPhase;
			buildActionMask = 2147483647;
			files = (
				42FDCD7E190052CC0069CA4F /* InfoPlist.strings in Resources */,
			);
			runOnlyForDeploymentPostprocessing = 0;
		};
/* End PBXResourcesBuildPhase section */

/* Begin PBXShellScriptBuildPhase section */
		67EA693FA4E148CBA6E29BEB /* Check Pods Manifest.lock */ = {
			isa = PBXShellScriptBuildPhase;
			buildActionMask = 2147483647;
			files = (
			);
			inputPaths = (
			);
			name = "Check Pods Manifest.lock";
			outputPaths = (
			);
			runOnlyForDeploymentPostprocessing = 0;
			shellPath = /bin/sh;
			shellScript = "diff \"${PODS_ROOT}/../Podfile.lock\" \"${PODS_ROOT}/Manifest.lock\" > /dev/null\nif [[ $? != 0 ]] ; then\n    cat << EOM\nerror: The sandbox is not in sync with the Podfile.lock. Run 'pod install' or update your CocoaPods installation.\nEOM\n    exit 1\nfi\n";
			showEnvVarsInLog = 0;
		};
		AB2EB1D1DBE04060BB2A1770 /* Copy Pods Resources */ = {
			isa = PBXShellScriptBuildPhase;
			buildActionMask = 2147483647;
			files = (
			);
			inputPaths = (
			);
			name = "Copy Pods Resources";
			outputPaths = (
			);
			runOnlyForDeploymentPostprocessing = 0;
			shellPath = /bin/sh;
			shellScript = "\"${SRCROOT}/Pods/Pods-resources.sh\"\n";
			showEnvVarsInLog = 0;
		};
/* End PBXShellScriptBuildPhase section */

/* Begin PBXSourcesBuildPhase section */
		42FDCD4D190052CC0069CA4F /* Sources */ = {
			isa = PBXSourcesBuildPhase;
			buildActionMask = 2147483647;
			files = (
				42038E2B1905CC8600EFB9F2 /* CreateFoodViewController.m in Sources */,
				42FDCDB0190099D30069CA4F /* User.m in Sources */,
				42FDCDAB190081A10069CA4F /* UserViewController.m in Sources */,
				42FDCDA2190077D00069CA4F /* DatabaseConnector.m in Sources */,
				42EE3509192DA0EA00CD85D1 /* EditUserViewController.m in Sources */,
				42D2CCCA19032F3700145247 /* MealTypeViewController.m in Sources */,
				42FDCD8E19005B720069CA4F /* Meal.m in Sources */,
				42038E2F1905D16400EFB9F2 /* KeyboardToolbarView.m in Sources */,
				42038E3319078CE700EFB9F2 /* PredictionViewController.m in Sources */,
				42D2CCCF19032F9A00145247 /* EditMealViewController.m in Sources */,
				42F180441900E5DB00706BFE /* BorderButton.m in Sources */,
				42FDCD67190052CC0069CA4F /* AppDelegate.m in Sources */,
				42FDCDA619007C510069CA4F /* MenuViewController.m in Sources */,
				42FDCD8B19005B620069CA4F /* Food.m in Sources */,
				42D2CCC41903253600145247 /* User2ViewController.m in Sources */,
				422CE05619047C580061217F /* AddFoodViewController.m in Sources */,
				42FDCD6A190052CC0069CA4F /* DPredictor.xcdatamodeld in Sources */,
				42FDCD9119005B840069CA4F /* Record.m in Sources */,
				427A1B83192E950E00291ECB /* Predictor.m in Sources */,
				42FDCD63190052CC0069CA4F /* main.m in Sources */,
			);
			runOnlyForDeploymentPostprocessing = 0;
		};
		42FDCD6D190052CC0069CA4F /* Sources */ = {
			isa = PBXSourcesBuildPhase;
			buildActionMask = 2147483647;
			files = (
				42FDCD80190052CC0069CA4F /* DPredictorTests.m in Sources */,
			);
			runOnlyForDeploymentPostprocessing = 0;
		};
/* End PBXSourcesBuildPhase section */

/* Begin PBXTargetDependency section */
		42FDCD78190052CC0069CA4F /* PBXTargetDependency */ = {
			isa = PBXTargetDependency;
			target = 42FDCD50190052CC0069CA4F /* DPredictor */;
			targetProxy = 42FDCD77190052CC0069CA4F /* PBXContainerItemProxy */;
		};
/* End PBXTargetDependency section */

/* Begin PBXVariantGroup section */
		42FDCD5F190052CC0069CA4F /* InfoPlist.strings */ = {
			isa = PBXVariantGroup;
			children = (
				42FDCD60190052CC0069CA4F /* en */,
			);
			name = InfoPlist.strings;
			sourceTree = "<group>";
		};
		42FDCD7C190052CC0069CA4F /* InfoPlist.strings */ = {
			isa = PBXVariantGroup;
			children = (
				42FDCD7D190052CC0069CA4F /* en */,
			);
			name = InfoPlist.strings;
			sourceTree = "<group>";
		};
/* End PBXVariantGroup section */

/* Begin XCBuildConfiguration section */
		42FDCD81190052CC0069CA4F /* Debug */ = {
			isa = XCBuildConfiguration;
			buildSettings = {
				ALWAYS_SEARCH_USER_PATHS = NO;
				CLANG_CXX_LANGUAGE_STANDARD = "gnu++0x";
				CLANG_CXX_LIBRARY = "libc++";
				CLANG_ENABLE_MODULES = YES;
				CLANG_ENABLE_OBJC_ARC = YES;
				CLANG_WARN_BOOL_CONVERSION = YES;
				CLANG_WARN_CONSTANT_CONVERSION = YES;
				CLANG_WARN_DIRECT_OBJC_ISA_USAGE = YES_ERROR;
				CLANG_WARN_EMPTY_BODY = YES;
				CLANG_WARN_ENUM_CONVERSION = YES;
				CLANG_WARN_INT_CONVERSION = YES;
				CLANG_WARN_OBJC_ROOT_CLASS = YES_ERROR;
				CLANG_WARN__DUPLICATE_METHOD_MATCH = YES;
				"CODE_SIGN_IDENTITY[sdk=iphoneos*]" = "iPhone Developer";
				COPY_PHASE_STRIP = NO;
				GCC_C_LANGUAGE_STANDARD = gnu99;
				GCC_DYNAMIC_NO_PIC = NO;
				GCC_OPTIMIZATION_LEVEL = 0;
				GCC_PREPROCESSOR_DEFINITIONS = (
					"DEBUG=1",
					"$(inherited)",
				);
				GCC_SYMBOLS_PRIVATE_EXTERN = NO;
				GCC_WARN_64_TO_32_BIT_CONVERSION = YES;
				GCC_WARN_ABOUT_RETURN_TYPE = YES_ERROR;
				GCC_WARN_UNDECLARED_SELECTOR = YES;
				GCC_WARN_UNINITIALIZED_AUTOS = YES_AGGRESSIVE;
				GCC_WARN_UNUSED_FUNCTION = YES;
				GCC_WARN_UNUSED_VARIABLE = YES;
				IPHONEOS_DEPLOYMENT_TARGET = 7.1;
				ONLY_ACTIVE_ARCH = YES;
				SDKROOT = iphoneos;
			};
			name = Debug;
		};
		42FDCD82190052CC0069CA4F /* Release */ = {
			isa = XCBuildConfiguration;
			buildSettings = {
				ALWAYS_SEARCH_USER_PATHS = NO;
				CLANG_CXX_LANGUAGE_STANDARD = "gnu++0x";
				CLANG_CXX_LIBRARY = "libc++";
				CLANG_ENABLE_MODULES = YES;
				CLANG_ENABLE_OBJC_ARC = YES;
				CLANG_WARN_BOOL_CONVERSION = YES;
				CLANG_WARN_CONSTANT_CONVERSION = YES;
				CLANG_WARN_DIRECT_OBJC_ISA_USAGE = YES_ERROR;
				CLANG_WARN_EMPTY_BODY = YES;
				CLANG_WARN_ENUM_CONVERSION = YES;
				CLANG_WARN_INT_CONVERSION = YES;
				CLANG_WARN_OBJC_ROOT_CLASS = YES_ERROR;
				CLANG_WARN__DUPLICATE_METHOD_MATCH = YES;
				"CODE_SIGN_IDENTITY[sdk=iphoneos*]" = "iPhone Developer";
				COPY_PHASE_STRIP = YES;
				ENABLE_NS_ASSERTIONS = NO;
				GCC_C_LANGUAGE_STANDARD = gnu99;
				GCC_WARN_64_TO_32_BIT_CONVERSION = YES;
				GCC_WARN_ABOUT_RETURN_TYPE = YES_ERROR;
				GCC_WARN_UNDECLARED_SELECTOR = YES;
				GCC_WARN_UNINITIALIZED_AUTOS = YES_AGGRESSIVE;
				GCC_WARN_UNUSED_FUNCTION = YES;
				GCC_WARN_UNUSED_VARIABLE = YES;
				IPHONEOS_DEPLOYMENT_TARGET = 7.1;
				SDKROOT = iphoneos;
				VALIDATE_PRODUCT = YES;
			};
			name = Release;
		};
		42FDCD84190052CC0069CA4F /* Debug */ = {
			isa = XCBuildConfiguration;
			baseConfigurationReference = F531F3EBD74E428F8432BD7C /* Pods.xcconfig */;
			buildSettings = {
				ASSETCATALOG_COMPILER_APPICON_NAME = AppIcon;
				ASSETCATALOG_COMPILER_LAUNCHIMAGE_NAME = LaunchImage;
				GCC_PRECOMPILE_PREFIX_HEADER = YES;
				GCC_PREFIX_HEADER = "DPredictor/DPredictor-Prefix.pch";
				INFOPLIST_FILE = "DPredictor/DPredictor-Info.plist";
				PRODUCT_NAME = "$(TARGET_NAME)";
				WRAPPER_EXTENSION = app;
			};
			name = Debug;
		};
		42FDCD85190052CC0069CA4F /* Release */ = {
			isa = XCBuildConfiguration;
			baseConfigurationReference = F531F3EBD74E428F8432BD7C /* Pods.xcconfig */;
			buildSettings = {
				ASSETCATALOG_COMPILER_APPICON_NAME = AppIcon;
				ASSETCATALOG_COMPILER_LAUNCHIMAGE_NAME = LaunchImage;
				GCC_PRECOMPILE_PREFIX_HEADER = YES;
				GCC_PREFIX_HEADER = "DPredictor/DPredictor-Prefix.pch";
				INFOPLIST_FILE = "DPredictor/DPredictor-Info.plist";
				PRODUCT_NAME = "$(TARGET_NAME)";
				WRAPPER_EXTENSION = app;
			};
			name = Release;
		};
		42FDCD87190052CC0069CA4F /* Debug */ = {
			isa = XCBuildConfiguration;
			buildSettings = {
				BUNDLE_LOADER = "$(BUILT_PRODUCTS_DIR)/DPredictor.app/DPredictor";
				FRAMEWORK_SEARCH_PATHS = (
					"$(SDKROOT)/Developer/Library/Frameworks",
					"$(inherited)",
					"$(DEVELOPER_FRAMEWORKS_DIR)",
				);
				GCC_PRECOMPILE_PREFIX_HEADER = YES;
				GCC_PREFIX_HEADER = "DPredictor/DPredictor-Prefix.pch";
				GCC_PREPROCESSOR_DEFINITIONS = (
					"DEBUG=1",
					"$(inherited)",
				);
				INFOPLIST_FILE = "DPredictorTests/DPredictorTests-Info.plist";
				PRODUCT_NAME = "$(TARGET_NAME)";
				TEST_HOST = "$(BUNDLE_LOADER)";
				WRAPPER_EXTENSION = xctest;
			};
			name = Debug;
		};
		42FDCD88190052CC0069CA4F /* Release */ = {
			isa = XCBuildConfiguration;
			buildSettings = {
				BUNDLE_LOADER = "$(BUILT_PRODUCTS_DIR)/DPredictor.app/DPredictor";
				FRAMEWORK_SEARCH_PATHS = (
					"$(SDKROOT)/Developer/Library/Frameworks",
					"$(inherited)",
					"$(DEVELOPER_FRAMEWORKS_DIR)",
				);
				GCC_PRECOMPILE_PREFIX_HEADER = YES;
				GCC_PREFIX_HEADER = "DPredictor/DPredictor-Prefix.pch";
				INFOPLIST_FILE = "DPredictorTests/DPredictorTests-Info.plist";
				PRODUCT_NAME = "$(TARGET_NAME)";
				TEST_HOST = "$(BUNDLE_LOADER)";
				WRAPPER_EXTENSION = xctest;
			};
			name = Release;
		};
/* End XCBuildConfiguration section */

/* Begin XCConfigurationList section */
		42FDCD4C190052CC0069CA4F /* Build configuration list for PBXProject "DPredictor" */ = {
			isa = XCConfigurationList;
			buildConfigurations = (
				42FDCD81190052CC0069CA4F /* Debug */,
				42FDCD82190052CC0069CA4F /* Release */,
			);
			defaultConfigurationIsVisible = 0;
			defaultConfigurationName = Release;
		};
		42FDCD83190052CC0069CA4F /* Build configuration list for PBXNativeTarget "DPredictor" */ = {
			isa = XCConfigurationList;
			buildConfigurations = (
				42FDCD84190052CC0069CA4F /* Debug */,
				42FDCD85190052CC0069CA4F /* Release */,
			);
			defaultConfigurationIsVisible = 0;
			defaultConfigurationName = Release;
		};
		42FDCD86190052CC0069CA4F /* Build configuration list for PBXNativeTarget "DPredictorTests" */ = {
			isa = XCConfigurationList;
			buildConfigurations = (
				42FDCD87190052CC0069CA4F /* Debug */,
				42FDCD88190052CC0069CA4F /* Release */,
			);
			defaultConfigurationIsVisible = 0;
			defaultConfigurationName = Release;
		};
/* End XCConfigurationList section */

/* Begin XCVersionGroup section */
		42FDCD68190052CC0069CA4F /* DPredictor.xcdatamodeld */ = {
			isa = XCVersionGroup;
			children = (
				42FDCD69190052CC0069CA4F /* DPredictor.xcdatamodel */,
			);
			currentVersion = 42FDCD69190052CC0069CA4F /* DPredictor.xcdatamodel */;
			path = DPredictor.xcdatamodeld;
			sourceTree = "<group>";
			versionGroupType = wrapper.xcdatamodel;
		};
/* End XCVersionGroup section */
	};
	rootObject = 42FDCD49190052CC0069CA4F /* Project object */;
}
